// !$*UTF8*$!
{
	archiveVersion = 1;
	classes = {
	};
	objectVersion = 56;
	objects = {

/* Begin PBXBuildFile section */
		EB03ECCB2BAC319300EA213A /* TrackersCollectionViewCell.swift in Sources */ = {isa = PBXBuildFile; fileRef = EB03ECCA2BAC319300EA213A /* TrackersCollectionViewCell.swift */; };
		EB0A61CF2BB6A0A100D87507 /* Tracker.swift in Sources */ = {isa = PBXBuildFile; fileRef = EB0A61CE2BB6A0A100D87507 /* Tracker.swift */; };
		EB0A61D12BB6A0AB00D87507 /* TrackerCategory.swift in Sources */ = {isa = PBXBuildFile; fileRef = EB0A61D02BB6A0AB00D87507 /* TrackerCategory.swift */; };
		EB0A61D32BB6A0BA00D87507 /* TrackerRecord.swift in Sources */ = {isa = PBXBuildFile; fileRef = EB0A61D22BB6A0BA00D87507 /* TrackerRecord.swift */; };
		EB0A61D72BB6B7A400D87507 /* Extensions + UIimage.swift in Sources */ = {isa = PBXBuildFile; fileRef = EB0A61D62BB6B7A400D87507 /* Extensions + UIimage.swift */; };
		EB0BC6D72BD11DEF0096D5F5 /* ScheduleViewConroller.swift in Sources */ = {isa = PBXBuildFile; fileRef = EB0BC6D62BD11DEF0096D5F5 /* ScheduleViewConroller.swift */; };
		EB0BC6D92BD1247F0096D5F5 /* CreateNewCategoryViewContoller.swift in Sources */ = {isa = PBXBuildFile; fileRef = EB0BC6D82BD1247F0096D5F5 /* CreateNewCategoryViewContoller.swift */; };
		EB150CE02C04933E0040F11D /* TrackerCoreData.xcdatamodeld in Sources */ = {isa = PBXBuildFile; fileRef = EB150CDE2C04933E0040F11D /* TrackerCoreData.xcdatamodeld */; };
		EB1767A42BDA3B1C009DCDBE /* CategoryDB.swift in Sources */ = {isa = PBXBuildFile; fileRef = EB1767A32BDA3B1C009DCDBE /* CategoryDB.swift */; };
		EB38E1F52B9F482900DF50B0 /* TabBarController.swift in Sources */ = {isa = PBXBuildFile; fileRef = EB38E1F42B9F482900DF50B0 /* TabBarController.swift */; };
		EB38E1F82B9F60C100DF50B0 /* StatisticsViewController.swift in Sources */ = {isa = PBXBuildFile; fileRef = EB38E1F72B9F60C100DF50B0 /* StatisticsViewController.swift */; };
		EB46EFF62BC68848009F9B2A /* ChooseTypeTrackerViewController.swift in Sources */ = {isa = PBXBuildFile; fileRef = EB46EFF52BC68848009F9B2A /* ChooseTypeTrackerViewController.swift */; };
		EB46EFF82BC6CEED009F9B2A /* UnregularEventViewController.swift in Sources */ = {isa = PBXBuildFile; fileRef = EB46EFF72BC6CEED009F9B2A /* UnregularEventViewController.swift */; };
		EB46EFFA2BC6CF54009F9B2A /* CreateHabitViewController.swift in Sources */ = {isa = PBXBuildFile; fileRef = EB46EFF92BC6CF54009F9B2A /* CreateHabitViewController.swift */; };
		EB6BC31A2C32A3D80051D719 /* TrackerCategoryCoreData.swift in Sources */ = {isa = PBXBuildFile; fileRef = EB6BC3192C32A3D80051D719 /* TrackerCategoryCoreData.swift */; };
		EB6BC31C2C32A3E50051D719 /* TrackerCoreData.swift in Sources */ = {isa = PBXBuildFile; fileRef = EB6BC31B2C32A3E50051D719 /* TrackerCoreData.swift */; };
		EB6BC31E2C32A3EE0051D719 /* TrackerRecordCoreData.swift in Sources */ = {isa = PBXBuildFile; fileRef = EB6BC31D2C32A3EE0051D719 /* TrackerRecordCoreData.swift */; };
		EB70A05B2B9EF181009EFEFC /* AppDelegate.swift in Sources */ = {isa = PBXBuildFile; fileRef = EB70A05A2B9EF181009EFEFC /* AppDelegate.swift */; };
		EB70A05D2B9EF181009EFEFC /* SceneDelegate.swift in Sources */ = {isa = PBXBuildFile; fileRef = EB70A05C2B9EF181009EFEFC /* SceneDelegate.swift */; };
		EB70A0642B9EF184009EFEFC /* Assets.xcassets in Resources */ = {isa = PBXBuildFile; fileRef = EB70A0632B9EF184009EFEFC /* Assets.xcassets */; };
		EB70A0672B9EF184009EFEFC /* LaunchScreen.storyboard in Resources */ = {isa = PBXBuildFile; fileRef = EB70A0652B9EF184009EFEFC /* LaunchScreen.storyboard */; };
		EB70A0702B9EF286009EFEFC /* TrackerViewController.swift in Sources */ = {isa = PBXBuildFile; fileRef = EB70A06F2B9EF286009EFEFC /* TrackerViewController.swift */; };
		EB870E512BCFBE74005A5FB4 /* CategoriesViewController.swift in Sources */ = {isa = PBXBuildFile; fileRef = EB870E502BCFBE74005A5FB4 /* CategoriesViewController.swift */; };
		EBCA70702C32A4E90006979D /* TrackerCoreManager.swift in Sources */ = {isa = PBXBuildFile; fileRef = EBCA706F2C32A4E90006979D /* TrackerCoreManager.swift */; };
		EBCA70722C32AAB10006979D /* extensions + UIView.swift in Sources */ = {isa = PBXBuildFile; fileRef = EBCA70712C32AAB10006979D /* extensions + UIView.swift */; };
		EBCA70752C32D27A0006979D /* FilterCategoryDelegate.swift in Sources */ = {isa = PBXBuildFile; fileRef = EBCA70742C32D27A0006979D /* FilterCategoryDelegate.swift */; };
		EBCA70772C32E3FF0006979D /* Extansion + UIColor.swift in Sources */ = {isa = PBXBuildFile; fileRef = EBCA70762C32E3FF0006979D /* Extansion + UIColor.swift */; };
		EBCA70792C32F0B20006979D /* CloseScreenDelegate.swift in Sources */ = {isa = PBXBuildFile; fileRef = EBCA70782C32F0B20006979D /* CloseScreenDelegate.swift */; };
		EBCA707B2C3307D70006979D /* NewTaskDelegate.swift in Sources */ = {isa = PBXBuildFile; fileRef = EBCA707A2C3307D70006979D /* NewTaskDelegate.swift */; };
		EBF32EF92BCD208400ED63D4 /* SuplementaryView.swift in Sources */ = {isa = PBXBuildFile; fileRef = EBF32EF82BCD208400ED63D4 /* SuplementaryView.swift */; };
/* End PBXBuildFile section */

/* Begin PBXFileReference section */
		EB03ECCA2BAC319300EA213A /* TrackersCollectionViewCell.swift */ = {isa = PBXFileReference; lastKnownFileType = sourcecode.swift; path = TrackersCollectionViewCell.swift; sourceTree = "<group>"; };
		EB0A61CE2BB6A0A100D87507 /* Tracker.swift */ = {isa = PBXFileReference; lastKnownFileType = sourcecode.swift; path = Tracker.swift; sourceTree = "<group>"; };
		EB0A61D02BB6A0AB00D87507 /* TrackerCategory.swift */ = {isa = PBXFileReference; lastKnownFileType = sourcecode.swift; path = TrackerCategory.swift; sourceTree = "<group>"; };
		EB0A61D22BB6A0BA00D87507 /* TrackerRecord.swift */ = {isa = PBXFileReference; lastKnownFileType = sourcecode.swift; path = TrackerRecord.swift; sourceTree = "<group>"; };
		EB0A61D62BB6B7A400D87507 /* Extensions + UIimage.swift */ = {isa = PBXFileReference; lastKnownFileType = sourcecode.swift; path = "Extensions + UIimage.swift"; sourceTree = "<group>"; };
		EB0BC6D62BD11DEF0096D5F5 /* ScheduleViewConroller.swift */ = {isa = PBXFileReference; lastKnownFileType = sourcecode.swift; path = ScheduleViewConroller.swift; sourceTree = "<group>"; };
		EB0BC6D82BD1247F0096D5F5 /* CreateNewCategoryViewContoller.swift */ = {isa = PBXFileReference; lastKnownFileType = sourcecode.swift; path = CreateNewCategoryViewContoller.swift; sourceTree = "<group>"; };
		EB150CDF2C04933E0040F11D /* TrackersDB.xcdatamodel */ = {isa = PBXFileReference; lastKnownFileType = wrapper.xcdatamodel; path = TrackersDB.xcdatamodel; sourceTree = "<group>"; };
		EB1767A32BDA3B1C009DCDBE /* CategoryDB.swift */ = {isa = PBXFileReference; lastKnownFileType = sourcecode.swift; path = CategoryDB.swift; sourceTree = "<group>"; };
		EB38E1F42B9F482900DF50B0 /* TabBarController.swift */ = {isa = PBXFileReference; lastKnownFileType = sourcecode.swift; path = TabBarController.swift; sourceTree = "<group>"; };
		EB38E1F72B9F60C100DF50B0 /* StatisticsViewController.swift */ = {isa = PBXFileReference; lastKnownFileType = sourcecode.swift; path = StatisticsViewController.swift; sourceTree = "<group>"; };
		EB46EFF52BC68848009F9B2A /* ChooseTypeTrackerViewController.swift */ = {isa = PBXFileReference; lastKnownFileType = sourcecode.swift; path = ChooseTypeTrackerViewController.swift; sourceTree = "<group>"; };
		EB46EFF72BC6CEED009F9B2A /* UnregularEventViewController.swift */ = {isa = PBXFileReference; lastKnownFileType = sourcecode.swift; path = UnregularEventViewController.swift; sourceTree = "<group>"; };
		EB46EFF92BC6CF54009F9B2A /* CreateHabitViewController.swift */ = {isa = PBXFileReference; lastKnownFileType = sourcecode.swift; path = CreateHabitViewController.swift; sourceTree = "<group>"; };
		EB6BC3192C32A3D80051D719 /* TrackerCategoryCoreData.swift */ = {isa = PBXFileReference; lastKnownFileType = sourcecode.swift; path = TrackerCategoryCoreData.swift; sourceTree = "<group>"; };
		EB6BC31B2C32A3E50051D719 /* TrackerCoreData.swift */ = {isa = PBXFileReference; lastKnownFileType = sourcecode.swift; path = TrackerCoreData.swift; sourceTree = "<group>"; };
		EB6BC31D2C32A3EE0051D719 /* TrackerRecordCoreData.swift */ = {isa = PBXFileReference; lastKnownFileType = sourcecode.swift; path = TrackerRecordCoreData.swift; sourceTree = "<group>"; };
		EB70A0572B9EF181009EFEFC /* TrackerIOS.app */ = {isa = PBXFileReference; explicitFileType = wrapper.application; includeInIndex = 0; path = TrackerIOS.app; sourceTree = BUILT_PRODUCTS_DIR; };
		EB70A05A2B9EF181009EFEFC /* AppDelegate.swift */ = {isa = PBXFileReference; lastKnownFileType = sourcecode.swift; path = AppDelegate.swift; sourceTree = "<group>"; };
		EB70A05C2B9EF181009EFEFC /* SceneDelegate.swift */ = {isa = PBXFileReference; lastKnownFileType = sourcecode.swift; path = SceneDelegate.swift; sourceTree = "<group>"; };
		EB70A0632B9EF184009EFEFC /* Assets.xcassets */ = {isa = PBXFileReference; lastKnownFileType = folder.assetcatalog; path = Assets.xcassets; sourceTree = "<group>"; };
		EB70A0662B9EF184009EFEFC /* Base */ = {isa = PBXFileReference; lastKnownFileType = file.storyboard; name = Base; path = Base.lproj/LaunchScreen.storyboard; sourceTree = "<group>"; };
		EB70A0682B9EF184009EFEFC /* Info.plist */ = {isa = PBXFileReference; lastKnownFileType = text.plist.xml; path = Info.plist; sourceTree = "<group>"; };
		EB70A06F2B9EF286009EFEFC /* TrackerViewController.swift */ = {isa = PBXFileReference; lastKnownFileType = sourcecode.swift; path = TrackerViewController.swift; sourceTree = "<group>"; };
		EB870E502BCFBE74005A5FB4 /* CategoriesViewController.swift */ = {isa = PBXFileReference; lastKnownFileType = sourcecode.swift; path = CategoriesViewController.swift; sourceTree = "<group>"; };
		EBCA706F2C32A4E90006979D /* TrackerCoreManager.swift */ = {isa = PBXFileReference; lastKnownFileType = sourcecode.swift; path = TrackerCoreManager.swift; sourceTree = "<group>"; };
		EBCA70712C32AAB10006979D /* extensions + UIView.swift */ = {isa = PBXFileReference; lastKnownFileType = sourcecode.swift; path = "extensions + UIView.swift"; sourceTree = "<group>"; };
		EBCA70742C32D27A0006979D /* FilterCategoryDelegate.swift */ = {isa = PBXFileReference; lastKnownFileType = sourcecode.swift; path = FilterCategoryDelegate.swift; sourceTree = "<group>"; };
		EBCA70762C32E3FF0006979D /* Extansion + UIColor.swift */ = {isa = PBXFileReference; lastKnownFileType = sourcecode.swift; path = "Extansion + UIColor.swift"; sourceTree = "<group>"; };
		EBCA70782C32F0B20006979D /* CloseScreenDelegate.swift */ = {isa = PBXFileReference; lastKnownFileType = sourcecode.swift; path = CloseScreenDelegate.swift; sourceTree = "<group>"; };
		EBCA707A2C3307D70006979D /* NewTaskDelegate.swift */ = {isa = PBXFileReference; lastKnownFileType = sourcecode.swift; path = NewTaskDelegate.swift; sourceTree = "<group>"; };
		EBF32EF82BCD208400ED63D4 /* SuplementaryView.swift */ = {isa = PBXFileReference; lastKnownFileType = sourcecode.swift; path = SuplementaryView.swift; sourceTree = "<group>"; };
/* End PBXFileReference section */

/* Begin PBXFrameworksBuildPhase section */
		EB70A0542B9EF181009EFEFC /* Frameworks */ = {
			isa = PBXFrameworksBuildPhase;
			buildActionMask = 2147483647;
			files = (
			);
			runOnlyForDeploymentPostprocessing = 0;
		};
/* End PBXFrameworksBuildPhase section */

/* Begin PBXGroup section */
		EB0A61CD2BB6A08000D87507 /* Models */ = {
			isa = PBXGroup;
			children = (
			);
			path = Models;
			sourceTree = "<group>";
		};
		EB0A61D42BB6A29F00D87507 /* Controllers */ = {
			isa = PBXGroup;
			children = (
				EB38E1F62B9F606A00DF50B0 /* Statistic */,
				EB38E1F32B9F481B00DF50B0 /* TabBar */,
				EB70A06E2B9EF25E009EFEFC /* ViewControllers */,
			);
			path = Controllers;
			sourceTree = "<group>";
		};
		EB0A61D52BB6B77B00D87507 /* Extensions */ = {
			isa = PBXGroup;
			children = (
				EB0A61D62BB6B7A400D87507 /* Extensions + UIimage.swift */,
				EBCA70712C32AAB10006979D /* extensions + UIView.swift */,
				EBCA70762C32E3FF0006979D /* Extansion + UIColor.swift */,
			);
			path = Extensions;
			sourceTree = "<group>";
		};
		EB1767A52BDA3D5C009DCDBE /* Helpers */ = {
			isa = PBXGroup;
			children = (
				EB1767A32BDA3B1C009DCDBE /* CategoryDB.swift */,
			);
			path = Helpers;
			sourceTree = "<group>";
		};
		EB38E1F32B9F481B00DF50B0 /* TabBar */ = {
			isa = PBXGroup;
			children = (
				EB38E1F42B9F482900DF50B0 /* TabBarController.swift */,
			);
			path = TabBar;
			sourceTree = "<group>";
		};
		EB38E1F62B9F606A00DF50B0 /* Statistic */ = {
			isa = PBXGroup;
			children = (
				EB38E1F72B9F60C100DF50B0 /* StatisticsViewController.swift */,
			);
			path = Statistic;
			sourceTree = "<group>";
		};
		EB6BC3182C32A2D20051D719 /* CoreData */ = {
			isa = PBXGroup;
			children = (
				EBCA706F2C32A4E90006979D /* TrackerCoreManager.swift */,
				EB6BC3192C32A3D80051D719 /* TrackerCategoryCoreData.swift */,
				EB6BC31B2C32A3E50051D719 /* TrackerCoreData.swift */,
				EB6BC31D2C32A3EE0051D719 /* TrackerRecordCoreData.swift */,
				EB0A61CE2BB6A0A100D87507 /* Tracker.swift */,
				EB0A61D02BB6A0AB00D87507 /* TrackerCategory.swift */,
				EB0A61D22BB6A0BA00D87507 /* TrackerRecord.swift */,
				EB150CDE2C04933E0040F11D /* TrackerCoreData.xcdatamodeld */,
			);
			name = CoreData;
			sourceTree = "<group>";
		};
		EB70A04E2B9EF181009EFEFC = {
			isa = PBXGroup;
			children = (
				EB6BC3182C32A2D20051D719 /* CoreData */,
				EB1767A52BDA3D5C009DCDBE /* Helpers */,
				EB70A0592B9EF181009EFEFC /* TrackerIOS */,
				EB70A0582B9EF181009EFEFC /* Products */,
			);
			sourceTree = "<group>";
		};
		EB70A0582B9EF181009EFEFC /* Products */ = {
			isa = PBXGroup;
			children = (
				EB70A0572B9EF181009EFEFC /* TrackerIOS.app */,
			);
			name = Products;
			sourceTree = "<group>";
		};
		EB70A0592B9EF181009EFEFC /* TrackerIOS */ = {
			isa = PBXGroup;
			children = (
				EBF87A0C2BC965F100E97335 /* ViewCells */,
				EB0A61D42BB6A29F00D87507 /* Controllers */,
				EB0A61D52BB6B77B00D87507 /* Extensions */,
				EBCA70732C32D2630006979D /* Protocols */,
				EB0A61CD2BB6A08000D87507 /* Models */,
				EB70A05C2B9EF181009EFEFC /* SceneDelegate.swift */,
				EB70A05A2B9EF181009EFEFC /* AppDelegate.swift */,
				EB70A0632B9EF184009EFEFC /* Assets.xcassets */,
				EB70A0652B9EF184009EFEFC /* LaunchScreen.storyboard */,
				EB70A0682B9EF184009EFEFC /* Info.plist */,
			);
			path = TrackerIOS;
			sourceTree = "<group>";
		};
		EB70A06E2B9EF25E009EFEFC /* ViewControllers */ = {
			isa = PBXGroup;
			children = (
				EB70A06F2B9EF286009EFEFC /* TrackerViewController.swift */,
				EB46EFF52BC68848009F9B2A /* ChooseTypeTrackerViewController.swift */,
				EB46EFF72BC6CEED009F9B2A /* UnregularEventViewController.swift */,
				EB46EFF92BC6CF54009F9B2A /* CreateHabitViewController.swift */,
				EB870E502BCFBE74005A5FB4 /* CategoriesViewController.swift */,
				EB0BC6D82BD1247F0096D5F5 /* CreateNewCategoryViewContoller.swift */,
				EB0BC6D62BD11DEF0096D5F5 /* ScheduleViewConroller.swift */,
			);
			path = ViewControllers;
			sourceTree = "<group>";
		};
		EBCA70732C32D2630006979D /* Protocols */ = {
			isa = PBXGroup;
			children = (
				EBCA70742C32D27A0006979D /* FilterCategoryDelegate.swift */,
				EBCA70782C32F0B20006979D /* CloseScreenDelegate.swift */,
				EBCA707A2C3307D70006979D /* NewTaskDelegate.swift */,
			);
			name = Protocols;
			path = ..;
			sourceTree = "<group>";
		};
		EBF87A0C2BC965F100E97335 /* ViewCells */ = {
			isa = PBXGroup;
			children = (
				EBF32EF82BCD208400ED63D4 /* SuplementaryView.swift */,
				EB03ECCA2BAC319300EA213A /* TrackersCollectionViewCell.swift */,
			);
			path = ViewCells;
			sourceTree = "<group>";
		};
/* End PBXGroup section */

/* Begin PBXNativeTarget section */
		EB70A0562B9EF181009EFEFC /* TrackerIOS */ = {
			isa = PBXNativeTarget;
			buildConfigurationList = EB70A06B2B9EF184009EFEFC /* Build configuration list for PBXNativeTarget "TrackerIOS" */;
			buildPhases = (
				EB70A0532B9EF181009EFEFC /* Sources */,
				EB70A0542B9EF181009EFEFC /* Frameworks */,
				EB70A0552B9EF181009EFEFC /* Resources */,
			);
			buildRules = (
			);
			dependencies = (
			);
			name = TrackerIOS;
			productName = TrackerIOS;
			productReference = EB70A0572B9EF181009EFEFC /* TrackerIOS.app */;
			productType = "com.apple.product-type.application";
		};
/* End PBXNativeTarget section */

/* Begin PBXProject section */
		EB70A04F2B9EF181009EFEFC /* Project object */ = {
			isa = PBXProject;
			attributes = {
				BuildIndependentTargetsInParallel = 1;
				LastSwiftUpdateCheck = 1520;
				LastUpgradeCheck = 1520;
				TargetAttributes = {
					EB70A0562B9EF181009EFEFC = {
						CreatedOnToolsVersion = 15.2;
					};
				};
			};
			buildConfigurationList = EB70A0522B9EF181009EFEFC /* Build configuration list for PBXProject "TrackerIOS" */;
			compatibilityVersion = "Xcode 14.0";
			developmentRegion = en;
			hasScannedForEncodings = 0;
			knownRegions = (
				en,
				Base,
			);
			mainGroup = EB70A04E2B9EF181009EFEFC;
			productRefGroup = EB70A0582B9EF181009EFEFC /* Products */;
			projectDirPath = "";
			projectRoot = "";
			targets = (
				EB70A0562B9EF181009EFEFC /* TrackerIOS */,
			);
		};
/* End PBXProject section */

/* Begin PBXResourcesBuildPhase section */
		EB70A0552B9EF181009EFEFC /* Resources */ = {
			isa = PBXResourcesBuildPhase;
			buildActionMask = 2147483647;
			files = (
				EB70A0672B9EF184009EFEFC /* LaunchScreen.storyboard in Resources */,
				EB70A0642B9EF184009EFEFC /* Assets.xcassets in Resources */,
			);
			runOnlyForDeploymentPostprocessing = 0;
		};
/* End PBXResourcesBuildPhase section */

/* Begin PBXSourcesBuildPhase section */
		EB70A0532B9EF181009EFEFC /* Sources */ = {
			isa = PBXSourcesBuildPhase;
			buildActionMask = 2147483647;
			files = (
				EB6BC31E2C32A3EE0051D719 /* TrackerRecordCoreData.swift in Sources */,
				EB0A61D12BB6A0AB00D87507 /* TrackerCategory.swift in Sources */,
				EB46EFF62BC68848009F9B2A /* ChooseTypeTrackerViewController.swift in Sources */,
				EB70A0702B9EF286009EFEFC /* TrackerViewController.swift in Sources */,
				EB150CE02C04933E0040F11D /* TrackerCoreData.xcdatamodeld in Sources */,
				EB70A05B2B9EF181009EFEFC /* AppDelegate.swift in Sources */,
				EBF32EF92BCD208400ED63D4 /* SuplementaryView.swift in Sources */,
				EBCA70772C32E3FF0006979D /* Extansion + UIColor.swift in Sources */,
				EB38E1F82B9F60C100DF50B0 /* StatisticsViewController.swift in Sources */,
				EB0A61D32BB6A0BA00D87507 /* TrackerRecord.swift in Sources */,
				EB0A61CF2BB6A0A100D87507 /* Tracker.swift in Sources */,
				EB1767A42BDA3B1C009DCDBE /* CategoryDB.swift in Sources */,
				EBCA70702C32A4E90006979D /* TrackerCoreManager.swift in Sources */,
				EB46EFF82BC6CEED009F9B2A /* UnregularEventViewController.swift in Sources */,
				EBCA70792C32F0B20006979D /* CloseScreenDelegate.swift in Sources */,
				EB0BC6D72BD11DEF0096D5F5 /* ScheduleViewConroller.swift in Sources */,
				EB38E1F52B9F482900DF50B0 /* TabBarController.swift in Sources */,
				EB03ECCB2BAC319300EA213A /* TrackersCollectionViewCell.swift in Sources */,
				EBCA70722C32AAB10006979D /* extensions + UIView.swift in Sources */,
				EB46EFFA2BC6CF54009F9B2A /* CreateHabitViewController.swift in Sources */,
				EBCA707B2C3307D70006979D /* NewTaskDelegate.swift in Sources */,
				EB0A61D72BB6B7A400D87507 /* Extensions + UIimage.swift in Sources */,
				EB870E512BCFBE74005A5FB4 /* CategoriesViewController.swift in Sources */,
				EB6BC31A2C32A3D80051D719 /* TrackerCategoryCoreData.swift in Sources */,
				EB0BC6D92BD1247F0096D5F5 /* CreateNewCategoryViewContoller.swift in Sources */,
				EB6BC31C2C32A3E50051D719 /* TrackerCoreData.swift in Sources */,
				EBCA70752C32D27A0006979D /* FilterCategoryDelegate.swift in Sources */,
				EB70A05D2B9EF181009EFEFC /* SceneDelegate.swift in Sources */,
			);
			runOnlyForDeploymentPostprocessing = 0;
		};
/* End PBXSourcesBuildPhase section */

/* Begin PBXVariantGroup section */
		EB70A0652B9EF184009EFEFC /* LaunchScreen.storyboard */ = {
			isa = PBXVariantGroup;
			children = (
				EB70A0662B9EF184009EFEFC /* Base */,
			);
			name = LaunchScreen.storyboard;
			sourceTree = "<group>";
		};
/* End PBXVariantGroup section */

/* Begin XCBuildConfiguration section */
		EB70A0692B9EF184009EFEFC /* Debug */ = {
			isa = XCBuildConfiguration;
			buildSettings = {
				ALWAYS_SEARCH_USER_PATHS = NO;
				ASSETCATALOG_COMPILER_GENERATE_SWIFT_ASSET_SYMBOL_EXTENSIONS = YES;
				CLANG_ANALYZER_NONNULL = YES;
				CLANG_ANALYZER_NUMBER_OBJECT_CONVERSION = YES_AGGRESSIVE;
				CLANG_CXX_LANGUAGE_STANDARD = "gnu++20";
				CLANG_ENABLE_MODULES = YES;
				CLANG_ENABLE_OBJC_ARC = YES;
				CLANG_ENABLE_OBJC_WEAK = YES;
				CLANG_WARN_BLOCK_CAPTURE_AUTORELEASING = YES;
				CLANG_WARN_BOOL_CONVERSION = YES;
				CLANG_WARN_COMMA = YES;
				CLANG_WARN_CONSTANT_CONVERSION = YES;
				CLANG_WARN_DEPRECATED_OBJC_IMPLEMENTATIONS = YES;
				CLANG_WARN_DIRECT_OBJC_ISA_USAGE = YES_ERROR;
				CLANG_WARN_DOCUMENTATION_COMMENTS = YES;
				CLANG_WARN_EMPTY_BODY = YES;
				CLANG_WARN_ENUM_CONVERSION = YES;
				CLANG_WARN_INFINITE_RECURSION = YES;
				CLANG_WARN_INT_CONVERSION = YES;
				CLANG_WARN_NON_LITERAL_NULL_CONVERSION = YES;
				CLANG_WARN_OBJC_IMPLICIT_RETAIN_SELF = YES;
				CLANG_WARN_OBJC_LITERAL_CONVERSION = YES;
				CLANG_WARN_OBJC_ROOT_CLASS = YES_ERROR;
				CLANG_WARN_QUOTED_INCLUDE_IN_FRAMEWORK_HEADER = YES;
				CLANG_WARN_RANGE_LOOP_ANALYSIS = YES;
				CLANG_WARN_STRICT_PROTOTYPES = YES;
				CLANG_WARN_SUSPICIOUS_MOVE = YES;
				CLANG_WARN_UNGUARDED_AVAILABILITY = YES_AGGRESSIVE;
				CLANG_WARN_UNREACHABLE_CODE = YES;
				CLANG_WARN__DUPLICATE_METHOD_MATCH = YES;
				COPY_PHASE_STRIP = NO;
				DEBUG_INFORMATION_FORMAT = dwarf;
				ENABLE_STRICT_OBJC_MSGSEND = YES;
				ENABLE_TESTABILITY = YES;
				ENABLE_USER_SCRIPT_SANDBOXING = YES;
				GCC_C_LANGUAGE_STANDARD = gnu17;
				GCC_DYNAMIC_NO_PIC = NO;
				GCC_NO_COMMON_BLOCKS = YES;
				GCC_OPTIMIZATION_LEVEL = 0;
				GCC_PREPROCESSOR_DEFINITIONS = (
					"DEBUG=1",
					"$(inherited)",
				);
				GCC_WARN_64_TO_32_BIT_CONVERSION = YES;
				GCC_WARN_ABOUT_RETURN_TYPE = YES_ERROR;
				GCC_WARN_UNDECLARED_SELECTOR = YES;
				GCC_WARN_UNINITIALIZED_AUTOS = YES_AGGRESSIVE;
				GCC_WARN_UNUSED_FUNCTION = YES;
				GCC_WARN_UNUSED_VARIABLE = YES;
				IPHONEOS_DEPLOYMENT_TARGET = 17.2;
				LOCALIZATION_PREFERS_STRING_CATALOGS = YES;
				MTL_ENABLE_DEBUG_INFO = INCLUDE_SOURCE;
				MTL_FAST_MATH = YES;
				ONLY_ACTIVE_ARCH = YES;
				SDKROOT = iphoneos;
				SWIFT_ACTIVE_COMPILATION_CONDITIONS = "DEBUG $(inherited)";
				SWIFT_OPTIMIZATION_LEVEL = "-Onone";
			};
			name = Debug;
		};
		EB70A06A2B9EF184009EFEFC /* Release */ = {
			isa = XCBuildConfiguration;
			buildSettings = {
				ALWAYS_SEARCH_USER_PATHS = NO;
				ASSETCATALOG_COMPILER_GENERATE_SWIFT_ASSET_SYMBOL_EXTENSIONS = YES;
				CLANG_ANALYZER_NONNULL = YES;
				CLANG_ANALYZER_NUMBER_OBJECT_CONVERSION = YES_AGGRESSIVE;
				CLANG_CXX_LANGUAGE_STANDARD = "gnu++20";
				CLANG_ENABLE_MODULES = YES;
				CLANG_ENABLE_OBJC_ARC = YES;
				CLANG_ENABLE_OBJC_WEAK = YES;
				CLANG_WARN_BLOCK_CAPTURE_AUTORELEASING = YES;
				CLANG_WARN_BOOL_CONVERSION = YES;
				CLANG_WARN_COMMA = YES;
				CLANG_WARN_CONSTANT_CONVERSION = YES;
				CLANG_WARN_DEPRECATED_OBJC_IMPLEMENTATIONS = YES;
				CLANG_WARN_DIRECT_OBJC_ISA_USAGE = YES_ERROR;
				CLANG_WARN_DOCUMENTATION_COMMENTS = YES;
				CLANG_WARN_EMPTY_BODY = YES;
				CLANG_WARN_ENUM_CONVERSION = YES;
				CLANG_WARN_INFINITE_RECURSION = YES;
				CLANG_WARN_INT_CONVERSION = YES;
				CLANG_WARN_NON_LITERAL_NULL_CONVERSION = YES;
				CLANG_WARN_OBJC_IMPLICIT_RETAIN_SELF = YES;
				CLANG_WARN_OBJC_LITERAL_CONVERSION = YES;
				CLANG_WARN_OBJC_ROOT_CLASS = YES_ERROR;
				CLANG_WARN_QUOTED_INCLUDE_IN_FRAMEWORK_HEADER = YES;
				CLANG_WARN_RANGE_LOOP_ANALYSIS = YES;
				CLANG_WARN_STRICT_PROTOTYPES = YES;
				CLANG_WARN_SUSPICIOUS_MOVE = YES;
				CLANG_WARN_UNGUARDED_AVAILABILITY = YES_AGGRESSIVE;
				CLANG_WARN_UNREACHABLE_CODE = YES;
				CLANG_WARN__DUPLICATE_METHOD_MATCH = YES;
				COPY_PHASE_STRIP = NO;
				DEBUG_INFORMATION_FORMAT = "dwarf-with-dsym";
				ENABLE_NS_ASSERTIONS = NO;
				ENABLE_STRICT_OBJC_MSGSEND = YES;
				ENABLE_USER_SCRIPT_SANDBOXING = YES;
				GCC_C_LANGUAGE_STANDARD = gnu17;
				GCC_NO_COMMON_BLOCKS = YES;
				GCC_WARN_64_TO_32_BIT_CONVERSION = YES;
				GCC_WARN_ABOUT_RETURN_TYPE = YES_ERROR;
				GCC_WARN_UNDECLARED_SELECTOR = YES;
				GCC_WARN_UNINITIALIZED_AUTOS = YES_AGGRESSIVE;
				GCC_WARN_UNUSED_FUNCTION = YES;
				GCC_WARN_UNUSED_VARIABLE = YES;
				IPHONEOS_DEPLOYMENT_TARGET = 17.2;
				LOCALIZATION_PREFERS_STRING_CATALOGS = YES;
				MTL_ENABLE_DEBUG_INFO = NO;
				MTL_FAST_MATH = YES;
				SDKROOT = iphoneos;
				SWIFT_COMPILATION_MODE = wholemodule;
				VALIDATE_PRODUCT = YES;
			};
			name = Release;
		};
		EB70A06C2B9EF184009EFEFC /* Debug */ = {
			isa = XCBuildConfiguration;
			buildSettings = {
				ASSETCATALOG_COMPILER_APPICON_NAME = AppIcon;
				ASSETCATALOG_COMPILER_GLOBAL_ACCENT_COLOR_NAME = AccentColor;
				CODE_SIGN_STYLE = Automatic;
				CURRENT_PROJECT_VERSION = 1;
				DEVELOPMENT_TEAM = DW37K2V8CW;
				GENERATE_INFOPLIST_FILE = YES;
				INFOPLIST_FILE = TrackerIOS/Info.plist;
				INFOPLIST_KEY_UIApplicationSupportsIndirectInputEvents = YES;
				INFOPLIST_KEY_UILaunchStoryboardName = LaunchScreen;
				INFOPLIST_KEY_UISupportedInterfaceOrientations_iPad = "UIInterfaceOrientationPortrait UIInterfaceOrientationPortraitUpsideDown UIInterfaceOrientationLandscapeLeft UIInterfaceOrientationLandscapeRight";
				INFOPLIST_KEY_UISupportedInterfaceOrientations_iPhone = "UIInterfaceOrientationPortrait UIInterfaceOrientationLandscapeLeft UIInterfaceOrientationLandscapeRight";
				IPHONEOS_DEPLOYMENT_TARGET = 13.4;
				LD_RUNPATH_SEARCH_PATHS = (
					"$(inherited)",
					"@executable_path/Frameworks",
				);
				MARKETING_VERSION = 1.0;
				PRODUCT_BUNDLE_IDENTIFIER = ru.legasilver.TrackerIOS;
				PRODUCT_NAME = "$(TARGET_NAME)";
				SWIFT_EMIT_LOC_STRINGS = YES;
				SWIFT_VERSION = 5.0;
				TARGETED_DEVICE_FAMILY = 1;
			};
			name = Debug;
		};
		EB70A06D2B9EF184009EFEFC /* Release */ = {
			isa = XCBuildConfiguration;
			buildSettings = {
				ASSETCATALOG_COMPILER_APPICON_NAME = AppIcon;
				ASSETCATALOG_COMPILER_GLOBAL_ACCENT_COLOR_NAME = AccentColor;
				CODE_SIGN_STYLE = Automatic;
				CURRENT_PROJECT_VERSION = 1;
				DEVELOPMENT_TEAM = DW37K2V8CW;
				GENERATE_INFOPLIST_FILE = YES;
				INFOPLIST_FILE = TrackerIOS/Info.plist;
				INFOPLIST_KEY_UIApplicationSupportsIndirectInputEvents = YES;
				INFOPLIST_KEY_UILaunchStoryboardName = LaunchScreen;
				INFOPLIST_KEY_UISupportedInterfaceOrientations_iPad = "UIInterfaceOrientationPortrait UIInterfaceOrientationPortraitUpsideDown UIInterfaceOrientationLandscapeLeft UIInterfaceOrientationLandscapeRight";
				INFOPLIST_KEY_UISupportedInterfaceOrientations_iPhone = "UIInterfaceOrientationPortrait UIInterfaceOrientationLandscapeLeft UIInterfaceOrientationLandscapeRight";
				IPHONEOS_DEPLOYMENT_TARGET = 13.4;
				LD_RUNPATH_SEARCH_PATHS = (
					"$(inherited)",
					"@executable_path/Frameworks",
				);
				MARKETING_VERSION = 1.0;
				PRODUCT_BUNDLE_IDENTIFIER = ru.legasilver.TrackerIOS;
				PRODUCT_NAME = "$(TARGET_NAME)";
				SWIFT_EMIT_LOC_STRINGS = YES;
				SWIFT_VERSION = 5.0;
				TARGETED_DEVICE_FAMILY = 1;
			};
			name = Release;
		};
/* End XCBuildConfiguration section */

/* Begin XCConfigurationList section */
		EB70A0522B9EF181009EFEFC /* Build configuration list for PBXProject "TrackerIOS" */ = {
			isa = XCConfigurationList;
			buildConfigurations = (
				EB70A0692B9EF184009EFEFC /* Debug */,
				EB70A06A2B9EF184009EFEFC /* Release */,
			);
			defaultConfigurationIsVisible = 0;
			defaultConfigurationName = Release;
		};
		EB70A06B2B9EF184009EFEFC /* Build configuration list for PBXNativeTarget "TrackerIOS" */ = {
			isa = XCConfigurationList;
			buildConfigurations = (
				EB70A06C2B9EF184009EFEFC /* Debug */,
				EB70A06D2B9EF184009EFEFC /* Release */,
			);
			defaultConfigurationIsVisible = 0;
			defaultConfigurationName = Release;
		};
/* End XCConfigurationList section */

/* Begin XCVersionGroup section */
		EB150CDE2C04933E0040F11D /* TrackerCoreData.xcdatamodeld */ = {
			isa = XCVersionGroup;
			children = (
				EB150CDF2C04933E0040F11D /* TrackersDB.xcdatamodel */,
			);
			currentVersion = EB150CDF2C04933E0040F11D /* TrackersDB.xcdatamodel */;
			path = TrackerCoreData.xcdatamodeld;
			sourceTree = "<group>";
			versionGroupType = wrapper.xcdatamodel;
		};
/* End XCVersionGroup section */
	};
	rootObject = EB70A04F2B9EF181009EFEFC /* Project object */;
}
